{
    "_meta": {
        "hash": {
            "sha256": "ddd0bcd5dcbe02d458d8091066e0d93a0ece34182891597efe5250735caefa2e"
        },
        "pipfile-spec": 6,
        "requires": {
            "python_version": "3.9"
        },
        "sources": [
            {
                "name": "pypi",
                "url": "https://pypi.org/simple",
                "verify_ssl": true
            }
        ]
    },
    "default": {
        "ansicon": {
            "hashes": [
                "sha256:e4d039def5768a47e4afec8e89e83ec3ae5a26bf00ad851f914d1240b444d2b1",
                "sha256:f1def52d17f65c2c9682cf8370c03f541f410c1752d6a14029f97318e4b9dfec"
            ],
            "markers": "platform_system == 'Windows'",
            "version": "==1.89.0"
        },
        "appdirs": {
            "hashes": [
                "sha256:7d5d0167b2b1ba821647616af46a749d1c653740dd0d2415100fe26e27afdf41",
                "sha256:a841dacd6b99318a741b166adb07e19ee71a274450e68237b4650ca1055ab128"
            ],
            "version": "==1.4.4"
        },
        "attrs": {
            "hashes": [
                "sha256:2d27e3784d7a565d36ab851fe94887c5eccd6a463168875832a1be79c82828b4",
                "sha256:626ba8234211db98e869df76230a137c4c40a12d72445c45d5f5b716f076e2fd"
            ],
            "markers": "python_version >= '2.7' and python_version not in '3.0, 3.1, 3.2, 3.3, 3.4'",
            "version": "==21.4.0"
        },
        "blessed": {
            "hashes": [
                "sha256:63b8554ae2e0e7f43749b6715c734cc8f3883010a809bf16790102563e6cf25b",
                "sha256:9a0d099695bf621d4680dd6c73f6ad547f6a3442fbdbe80c4b1daa1edbc492fc"
            ],
            "markers": "python_version >= '2.7'",
            "version": "==1.19.1"
        },
        "botocore": {
            "hashes": [
                "sha256:41104e1c976c9c410387b3c7d265466b314f287a1c13fd4b543768135301058a",
                "sha256:9137c59c4eb1dee60ae3c710e94f56119a1b33b0b17ff3ad878fc2f4ce77843a"
            ],
            "markers": "python_version >= '3.6'",
            "version": "==1.23.41"
        },
        "certifi": {
            "hashes": [
                "sha256:78884e7c1d4b00ce3cea67b44566851c4343c120abd683433ce934a68ea58872",
                "sha256:d62a0163eb4c2344ac042ab2bdf75399a71a2d8c7d47eac2e2ee91b9d6339569"
            ],
            "version": "==2021.10.8"
        },
        "chalice": {
            "hashes": [
                "sha256:5aaf48aa55eda4c66d30d0f934eaec10868a0139e3ddb2562cd419a896ed14cb",
                "sha256:6ae1bbb3dfcecbd8a1f43301ec1abe9ff0d2784f4e24da9590e2b534343af55b"
            ],
            "index": "pypi",
            "version": "==1.26.5"
        },
        "charset-normalizer": {
            "hashes": [
                "sha256:876d180e9d7432c5d1dfd4c5d26b72f099d503e8fcc0feb7532c9289be60fcbd",
                "sha256:cb957888737fc0bbcd78e3df769addb41fd1ff8cf950dc9e7ad7793f1bf44455"
            ],
            "markers": "python_version >= '3'",
            "version": "==2.0.10"
        },
        "click": {
            "hashes": [
                "sha256:353f466495adaeb40b6b5f592f9f91cb22372351c84caeb068132442a4518ef3",
                "sha256:410e932b050f5eed773c4cda94de75971c89cdb3155a72a0831139a79e5ecb5b"
            ],
            "markers": "python_version >= '3.6'",
            "version": "==8.0.3"
        },
        "colorama": {
            "hashes": [
                "sha256:5941b2b48a20143d2267e95b1c2a7603ce057ee39fd88e7329b0c292aa16869b",
                "sha256:9f47eda37229f68eee03b24b9748937c7dc3868f906e8ba69fbcbdd3bc5dc3e2"
            ],
            "markers": "platform_system == 'Windows'",
            "version": "==0.4.4"
        },
        "idna": {
            "hashes": [
                "sha256:84d9dd047ffa80596e0f246e2eab0b391788b0503584e8945f2368256d2735ff",
                "sha256:9d643ff0a55b762d5cdb124b8eaa99c66322e2157b69160bc32796e824360e6d"
            ],
            "markers": "python_version >= '3'",
            "version": "==3.3"
        },
        "importlib-metadata": {
            "hashes": [
                "sha256:899e2a40a8c4a1aec681feef45733de8a6c58f3f6a0dbed2eb6574b4387a77b6",
                "sha256:951f0d8a5b7260e9db5e41d429285b5f451e928479f19d80818878527d36e95e"
            ],
            "markers": "python_version >= '3.7'",
            "version": "==4.10.1"
        },
        "inquirer": {
            "hashes": [
                "sha256:65f0a8eaa8bcabd7ec65771c9f872bb2700753c23bbe8b8ff12efd264a9dbf5d",
                "sha256:f50876f5073c8c5fc482b44b8ef4e9720061498abeb352f62b5c94cacf0e43e2"
            ],
            "markers": "python_version >= '3.7'",
            "version": "==2.9.1"
        },
        "jinxed": {
            "hashes": [
                "sha256:6a61ccf963c16aa885304f27e6e5693783676897cea0c7f223270c8b8e78baf8",
                "sha256:d8f1731f134e9e6b04d95095845ae6c10eb15cb223a5f0cabdea87d4a279c305"
            ],
            "markers": "platform_system == 'Windows'",
            "version": "==1.1.0"
        },
        "jmespath": {
            "hashes": [
                "sha256:b85d0567b8666149a93172712e68920734333c0ce7e89b78b3e987f71e5ed4f9",
                "sha256:cdf6525904cc597730141d61b36f2e4b8ecc257c420fa2f4549bac2c2d0cb72f"
            ],
            "markers": "python_version >= '2.6' and python_version not in '3.0, 3.1, 3.2, 3.3'",
            "version": "==0.10.0"
        },
        "mypy-extensions": {
            "hashes": [
                "sha256:090fedd75945a69ae91ce1303b5824f428daf5a028d2f6ab8a299250a846f15d",
                "sha256:2d82818f5bb3e369420cb3c4060a7970edba416647068eb4c5343488a6c604a8"
            ],
            "version": "==0.4.3"
        },
        "pip": {
            "hashes": [
                "sha256:deaf32dcd9ab821e359cd8330786bcd077604b5c5730c0b096eda46f95c24a2d",
                "sha256:fd11ba3d0fdb4c07fbc5ecbba0b1b719809420f25038f8ee3cd913d3faa3033a"
            ],
            "markers": "python_version >= '3.6'",
            "version": "==21.3.1"
        },
        "pyee": {
            "hashes": [
                "sha256:5c7e60f8df95710dbe17550e16ce0153f83990c00ef744841b43f371ed53ebea",
                "sha256:c09f56e36eb10bf23aa2aacf145f690ded75b990a3d9523fd478b005940303d2"
            ],
            "version": "==8.2.2"
        },
        "pyppeteer": {
            "hashes": [
                "sha256:11a734d8f02c6b128035aba8faf32748f2016310a6a1cbc6aa5b1e2580742e8f",
                "sha256:ddb0d15cb644720160d49abb1ad0d97e87a55581febf1b7531be9e983aad7742"
            ],
            "index": "pypi",
            "version": "==1.0.2"
        },
        "python-dateutil": {
            "hashes": [
                "sha256:0123cacc1627ae19ddf3c27a5de5bd67ee4586fbdd6440d9748f8abb483d3e86",
                "sha256:961d03dc3453ebbc59dbdea9e4e11c5651520a876d0f4db161e8674aae935da9"
            ],
            "markers": "python_version >= '2.7' and python_version not in '3.0, 3.1, 3.2, 3.3'",
            "version": "==2.8.2"
        },
        "python-editor": {
            "hashes": [
                "sha256:1bf6e860a8ad52a14c3ee1252d5dc25b2030618ed80c022598f00176adc8367d",
                "sha256:51fda6bcc5ddbbb7063b2af7509e43bd84bfc32a4ff71349ec7847713882327b",
                "sha256:5f98b069316ea1c2ed3f67e7f5df6c0d8f10b689964a4a811ff64f0106819ec8",
                "sha256:c3da2053dbab6b29c94e43c486ff67206eafbe7eb52dbec7390b5e2fb05aac77",
                "sha256:ea87e17f6ec459e780e4221f295411462e0d0810858e055fc514684350a2f522"
            ],
            "version": "==1.0.4"
        },
        "pyyaml": {
            "hashes": [
                "sha256:0283c35a6a9fbf047493e3a0ce8d79ef5030852c51e9d911a27badfde0605293",
                "sha256:055d937d65826939cb044fc8c9b08889e8c743fdc6a32b33e2390f66013e449b",
                "sha256:07751360502caac1c067a8132d150cf3d61339af5691fe9e87803040dbc5db57",
                "sha256:0b4624f379dab24d3725ffde76559cff63d9ec94e1736b556dacdfebe5ab6d4b",
                "sha256:0ce82d761c532fe4ec3f87fc45688bdd3a4c1dc5e0b4a19814b9009a29baefd4",
                "sha256:1e4747bc279b4f613a09eb64bba2ba602d8a6664c6ce6396a4d0cd413a50ce07",
                "sha256:213c60cd50106436cc818accf5baa1aba61c0189ff610f64f4a3e8c6726218ba",
                "sha256:231710d57adfd809ef5d34183b8ed1eeae3f76459c18fb4a0b373ad56bedcdd9",
                "sha256:277a0ef2981ca40581a47093e9e2d13b3f1fbbeffae064c1d21bfceba2030287",
                "sha256:2cd5df3de48857ed0544b34e2d40e9fac445930039f3cfe4bcc592a1f836d513",
                "sha256:40527857252b61eacd1d9af500c3337ba8deb8fc298940291486c465c8b46ec0",
                "sha256:473f9edb243cb1935ab5a084eb238d842fb8f404ed2193a915d1784b5a6b5fc0",
                "sha256:48c346915c114f5fdb3ead70312bd042a953a8ce5c7106d5bfb1a5254e47da92",
                "sha256:50602afada6d6cbfad699b0c7bb50d5ccffa7e46a3d738092afddc1f9758427f",
                "sha256:68fb519c14306fec9720a2a5b45bc9f0c8d1b9c72adf45c37baedfcd949c35a2",
                "sha256:77f396e6ef4c73fdc33a9157446466f1cff553d979bd00ecb64385760c6babdc",
                "sha256:819b3830a1543db06c4d4b865e70ded25be52a2e0631ccd2f6a47a2822f2fd7c",
                "sha256:897b80890765f037df3403d22bab41627ca8811ae55e9a722fd0392850ec4d86",
                "sha256:98c4d36e99714e55cfbaaee6dd5badbc9a1ec339ebfc3b1f52e293aee6bb71a4",
                "sha256:9df7ed3b3d2e0ecfe09e14741b857df43adb5a3ddadc919a2d94fbdf78fea53c",
                "sha256:9fa600030013c4de8165339db93d182b9431076eb98eb40ee068700c9c813e34",
                "sha256:a80a78046a72361de73f8f395f1f1e49f956c6be882eed58505a15f3e430962b",
                "sha256:b3d267842bf12586ba6c734f89d1f5b871df0273157918b0ccefa29deb05c21c",
                "sha256:b5b9eccad747aabaaffbc6064800670f0c297e52c12754eb1d976c57e4f74dcb",
                "sha256:c5687b8d43cf58545ade1fe3e055f70eac7a5a1a0bf42824308d868289a95737",
                "sha256:cba8c411ef271aa037d7357a2bc8f9ee8b58b9965831d9e51baf703280dc73d3",
                "sha256:d15a181d1ecd0d4270dc32edb46f7cb7733c7c508857278d3d378d14d606db2d",
                "sha256:d4db7c7aef085872ef65a8fd7d6d09a14ae91f691dec3e87ee5ee0539d516f53",
                "sha256:d4eccecf9adf6fbcc6861a38015c2a64f38b9d94838ac1810a9023a0609e1b78",
                "sha256:d67d839ede4ed1b28a4e8909735fc992a923cdb84e618544973d7dfc71540803",
                "sha256:daf496c58a8c52083df09b80c860005194014c3698698d1a57cbcfa182142a3a",
                "sha256:e61ceaab6f49fb8bdfaa0f92c4b57bcfbea54c09277b1b4f7ac376bfb7a7c174",
                "sha256:f84fbc98b019fef2ee9a1cb3ce93e3187a6df0b2538a651bfb890254ba9f90b5"
            ],
            "markers": "python_version >= '3.6'",
            "version": "==6.0"
        },
        "readchar": {
            "hashes": [
                "sha256:4c31210edfdf3e706d042c58feba2e8b6d5768b7f37002c5579fc473552f8fbb",
                "sha256:d1f5b71e98c37b7f3b695fba9db978ab84f4f8a0ed879653d83e1d90a4c482c0"
            ],
            "version": "==3.0.5"
        },
        "requests": {
            "hashes": [
                "sha256:68d7c56fd5a8999887728ef304a6d12edc7be74f1cfa47714fc8b414525c9a61",
                "sha256:f22fa1e554c9ddfd16e6e41ac79759e17be9e492b3587efa038054674760e72d"
            ],
            "index": "pypi",
            "version": "==2.27.1"
        },
        "setuptools": {
            "hashes": [
                "sha256:2404879cda71495fc4d5cbc445ed52fdaddf352b36e40be8dcc63147cb4edabe",
                "sha256:68eb94073fc486091447fcb0501efd6560a0e5a1839ba249e5ff3c4c93f05f90"
            ],
            "markers": "python_version >= '3.7'",
            "version": "==60.5.0"
        },
        "six": {
            "hashes": [
                "sha256:1e61c37477a1626458e36f7b1d82aa5c9b094fa4802892072e49de9c60c4c926",
                "sha256:8abb2f1d86890a2dfb989f9a77cfcfd3e47c2a354b01111771326f8aa26e0254"
            ],
            "markers": "python_version >= '2.7' and python_version not in '3.0, 3.1, 3.2, 3.3'",
            "version": "==1.16.0"
        },
        "tqdm": {
            "hashes": [
                "sha256:8dd278a422499cd6b727e6ae4061c40b48fce8b76d1ccbf5d34fca9b7f925b0c",
                "sha256:d359de7217506c9851b7869f3708d8ee53ed70a1b8edbba4dbcb47442592920d"
            ],
            "markers": "python_version >= '2.7' and python_version not in '3.0, 3.1, 3.2, 3.3'",
            "version": "==4.62.3"
        },
        "urllib3": {
            "hashes": [
                "sha256:000ca7f471a233c2251c6c7023ee85305721bfdf18621ebff4fd17a8653427ed",
                "sha256:0e7c33d9a63e7ddfcb86780aac87befc2fbddf46c58dbb487e0855f7ceec283c"
            ],
            "markers": "python_version >= '2.7' and python_version not in '3.0, 3.1, 3.2, 3.3, 3.4' and python_version < '4.0'",
            "version": "==1.26.8"
        },
        "wcwidth": {
            "hashes": [
                "sha256:beb4802a9cebb9144e99086eff703a642a13d6a0052920003a230f3294bbe784",
                "sha256:c4d647b99872929fdb7bdcaa4fbe7f01413ed3d98077df798530e5b04f116c83"
            ],
            "version": "==0.2.5"
        },
        "websockets": {
            "hashes": [
                "sha256:002071169d2e44ce8eb9e5ebac9fbce142ba4b5146eef1cfb16b177a27662657",
                "sha256:05e7f098c76b0a4743716590bb8f9706de19f1ef5148d61d0cf76495ec3edb9c",
                "sha256:08a42856158307e231b199671c4fce52df5786dd3d703f36b5d8ac76b206c485",
                "sha256:0d93b7cadc761347d98da12ec1930b5c71b2096f1ceed213973e3cda23fead9c",
                "sha256:10edd9d7d3581cfb9ff544ac09fc98cab7ee8f26778a5a8b2d5fd4b0684c5ba5",
                "sha256:14e9cf68a08d1a5d42109549201aefba473b1d925d233ae19035c876dd845da9",
                "sha256:181d2b25de5a437b36aefedaf006ecb6fa3aa1328ec0236cdde15f32f9d3ff6d",
                "sha256:189ed478395967d6a98bb293abf04e8815349e17456a0a15511f1088b6cb26e4",
                "sha256:1d858fb31e5ac992a2cdf17e874c95f8a5b1e917e1fb6b45ad85da30734b223f",
                "sha256:1dafe98698ece09b8ccba81b910643ff37198e43521d977be76caf37709cf62b",
                "sha256:3477146d1f87ead8df0f27e8960249f5248dceb7c2741e8bbec9aa5338d0c053",
                "sha256:38db6e2163b021642d0a43200ee2dec8f4980bdbda96db54fde72b283b54cbfc",
                "sha256:3a02ab91d84d9056a9ee833c254895421a6333d7ae7fff94b5c68e4fa8095519",
                "sha256:3bbf080f3892ba1dc8838786ec02899516a9d227abe14a80ef6fd17d4fb57127",
                "sha256:3ef6f73854cded34e78390dbdf40dfdcf0b89b55c0e282468ef92646fce8d13a",
                "sha256:468f0031fdbf4d643f89403a66383247eb82803430b14fa27ce2d44d2662ca37",
                "sha256:483edee5abed738a0b6a908025be47f33634c2ad8e737edd03ffa895bd600909",
                "sha256:531d8eb013a9bc6b3ad101588182aa9b6dd994b190c56df07f0d84a02b85d530",
                "sha256:5560558b0dace8312c46aa8915da977db02738ac8ecffbc61acfbfe103e10155",
                "sha256:5bb6256de5a4fb1d42b3747b4e2268706c92965d75d0425be97186615bf2f24f",
                "sha256:667c41351a6d8a34b53857ceb8343a45c85d438ee4fd835c279591db8aeb85be",
                "sha256:6b014875fae19577a392372075e937ebfebf53fd57f613df07b35ab210f31534",
                "sha256:6fdec1a0b3e5630c58e3d8704d2011c678929fce90b40908c97dfc47de8dca72",
                "sha256:7bdd3d26315db0a9cf8a0af30ca95e0aa342eda9c1377b722e71ccd86bc5d1dd",
                "sha256:7c9407719f42cb77049975410490c58a705da6af541adb64716573e550e5c9db",
                "sha256:7d6673b2753f9c5377868a53445d0c321ef41ff3c8e3b6d57868e72054bfce5f",
                "sha256:816ae7dac2c6522cfa620947ead0ca95ac654916eebf515c94d7c28de5601a6e",
                "sha256:882c0b8bdff3bf1bd7f024ce17c6b8006042ec4cceba95cf15df57e57efa471c",
                "sha256:8877861e3dee38c8d302eee0d5dbefa6663de3b46dc6a888f70cd7e82562d1f7",
                "sha256:888a5fa2a677e0c2b944f9826c756475980f1b276b6302e606f5c4ff5635be9e",
                "sha256:89e985d40d407545d5f5e2e58e1fdf19a22bd2d8cd54d20a882e29f97e930a0a",
                "sha256:97b4b68a2ddaf5c4707ae79c110bfd874c5be3c6ac49261160fb243fa45d8bbb",
                "sha256:98de71f86bdb29430fd7ba9997f47a6b10866800e3ea577598a786a785701bb0",
                "sha256:9f304a22ece735a3da8a51309bc2c010e23961a8f675fae46fdf62541ed62123",
                "sha256:9fd62c6dc83d5d35fb6a84ff82ec69df8f4657fff05f9cd6c7d9bec0dd57f0f6",
                "sha256:a249139abc62ef333e9e85064c27fefb113b16ffc5686cefc315bdaef3eefbc8",
                "sha256:b66e6d514f12c28d7a2d80bb2a48ef223342e99c449782d9831b0d29a9e88a17",
                "sha256:b68b6caecb9a0c6db537aa79750d1b592a841e4f1a380c6196091e65b2ad35f9",
                "sha256:baa83174390c0ff4fc1304fbe24393843ac7a08fdd59295759c4b439e06b1536",
                "sha256:bb01ea7b5f52e7125bdc3c5807aeaa2d08a0553979cf2d96a8b7803ea33e15e7",
                "sha256:cfae282c2aa7f0c4be45df65c248481f3509f8c40ca8b15ed96c35668ae0ff69",
                "sha256:d0d81b46a5c87d443e40ce2272436da8e6092aa91f5fbeb60d1be9f11eff5b4c",
                "sha256:d9b245db5a7e64c95816e27d72830e51411c4609c05673d1ae81eb5d23b0be54",
                "sha256:ddab2dc69ee5ae27c74dbfe9d7bb6fee260826c136dca257faa1a41d1db61a89",
                "sha256:e1b60fd297adb9fc78375778a5220da7f07bf54d2a33ac781319650413fc6a60",
                "sha256:e259be0863770cb91b1a6ccf6907f1ac2f07eff0b7f01c249ed751865a70cb0d",
                "sha256:e3872ae57acd4306ecf937d36177854e218e999af410a05c17168cd99676c512",
                "sha256:e4819c6fb4f336fd5388372cb556b1f3a165f3f68e66913d1a2fc1de55dc6f58"
            ],
            "markers": "python_version >= '3.7'",
            "version": "==10.1"
        },
        "wheel": {
            "hashes": [
                "sha256:4bdcd7d840138086126cd09254dc6195fb4fc6f01c050a1d7236f2630db1d22a",
                "sha256:e9a504e793efbca1b8e0e9cb979a249cf4a0a7b5b8c9e8b65a5e39d49529c1c4"
            ],
            "markers": "python_version >= '2.7' and python_version not in '3.0, 3.1, 3.2, 3.3, 3.4'",
            "version": "==0.37.1"
        },
        "zipp": {
            "hashes": [
                "sha256:9f50f446828eb9d45b267433fd3e9da8d801f614129124863f9c51ebceafb87d",
                "sha256:b47250dd24f92b7dd6a0a8fc5244da14608f3ca90a5efcd37a3b1642fac9a375"
            ],
            "markers": "python_version >= '3.7'",
            "version": "==3.7.0"
        }
    },
    "develop": {}
}
